
Microsoft Visual Studio Solution File, Format Version 12.00
# Visual Studio 2013
VisualStudioVersion = 12.0.31101.0
MinimumVisualStudioVersion = 10.0.40219.1
Project("{E24C65DC-7377-472B-9ABA-BC803B73C61A}") = "AngularWebAPI.FrontEnd", "http://localhost:2640", "{E136325E-ABDE-4B49-8555-03F81FA89504}"
	ProjectSection(WebsiteProperties) = preProject
		UseIISExpress = "true"
		TargetFrameworkMoniker = ".NETFramework,Version%3Dv4.0"
		Debug.AspNetCompiler.VirtualPath = "/localhost_2640"
		Debug.AspNetCompiler.PhysicalPath = "AngularWebAPI.FrontEnd\"
		Debug.AspNetCompiler.TargetPath = "PrecompiledWeb\localhost_2640\"
		Debug.AspNetCompiler.Updateable = "true"
		Debug.AspNetCompiler.ForceOverwrite = "true"
		Debug.AspNetCompiler.FixedNames = "false"
		Debug.AspNetCompiler.Debug = "True"
		Release.AspNetCompiler.VirtualPath = "/localhost_2640"
		Release.AspNetCompiler.PhysicalPath = "AngularWebAPI.FrontEnd\"
		Release.AspNetCompiler.TargetPath = "PrecompiledWeb\localhost_2640\"
		Release.AspNetCompiler.Updateable = "true"
		Release.AspNetCompiler.ForceOverwrite = "true"
		Release.AspNetCompiler.FixedNames = "false"
		Release.AspNetCompiler.Debug = "False"
		SlnRelativePath = "AngularWebAPI.FrontEnd\"
	EndProjectSection
EndProject
Project("{FAE04EC0-301F-11D3-BF4B-00C04F79EFBC}") = "AngularWebAPI.WebAPI", "AngularWebAPI.WebAPI\AngularWebAPI.WebAPI.csproj", "{5A7CA287-C8C1-4FF6-8E80-49205CB05A45}"
EndProject
Global
	GlobalSection(SolutionConfigurationPlatforms) = preSolution
		Debug|Any CPU = Debug|Any CPU
		Release|Any CPU = Release|Any CPU
	EndGlobalSection
	GlobalSection(ProjectConfigurationPlatforms) = postSolution
		{E136325E-ABDE-4B49-8555-03F81FA89504}.Debug|Any CPU.ActiveCfg = Debug|Any CPU
		{E136325E-ABDE-4B49-8555-03F81FA89504}.Debug|Any CPU.Build.0 = Debug|Any CPU
		{E136325E-ABDE-4B49-8555-03F81FA89504}.Release|Any CPU.ActiveCfg = Debug|Any CPU
		{E136325E-ABDE-4B49-8555-03F81FA89504}.Release|Any CPU.Build.0 = Debug|Any CPU
		{5A7CA287-C8C1-4FF6-8E80-49205CB05A45}.Debug|Any CPU.ActiveCfg = Debug|Any CPU
		{5A7CA287-C8C1-4FF6-8E80-49205CB05A45}.Debug|Any CPU.Build.0 = Debug|Any CPU
		{5A7CA287-C8C1-4FF6-8E80-49205CB05A45}.Release|Any CPU.ActiveCfg = Release|Any CPU
		{5A7CA287-C8C1-4FF6-8E80-49205CB05A45}.Release|Any CPU.Build.0 = Release|Any CPU
	EndGlobalSection
	GlobalSection(SolutionProperties) = preSolution
		HideSolutionNode = FALSE
	EndGlobalSection
EndGlobal
